
Microsoft Visual Studio Solution File, Format Version 12.00
# Visual Studio Version 17
VisualStudioVersion = 17.1.32328.378
MinimumVisualStudioVersion = 10.0.40219.1
Project("{FAE04EC0-301F-11D3-BF4B-00C04F79EFBC}") = "Major_Assignment_2_Aria_Taghizade", "Major_Assignment_2_Aria_Taghizade.csproj", "{325383AE-6339-4024-90EC-79F8F55A1A5F}"
EndProject
Global
	GlobalSection(SolutionConfigurationPlatforms) = preSolution
		Debug|Any CPU = Debug|Any CPU
		Release|Any CPU = Release|Any CPU
	EndGlobalSection
	GlobalSection(ProjectConfigurationPlatforms) = postSolution
		{325383AE-6339-4024-90EC-79F8F55A1A5F}.Debug|Any CPU.ActiveCfg = Debug|Any CPU
		{325383AE-6339-4024-90EC-79F8F55A1A5F}.Debug|Any CPU.Build.0 = Debug|Any CPU
		{325383AE-6339-4024-90EC-79F8F55A1A5F}.Release|Any CPU.ActiveCfg = Release|Any CPU
		{325383AE-6339-4024-90EC-79F8F55A1A5F}.Release|Any CPU.Build.0 = Release|Any CPU
	EndGlobalSection
	GlobalSection(SolutionProperties) = preSolution
		HideSolutionNode = FALSE
	EndGlobalSection
	GlobalSection(ExtensibilityGlobals) = postSolution
		SolutionGuid = {DB4C1D37-CB7E-4CED-A2D9-42483414502B}
	EndGlobalSection
EndGlobal
